// !$*UTF8*$!
{
	archiveVersion = 1;
	classes = {
	};
	objectVersion = 56;
	objects = {

/* Begin PBXBuildFile section */
		9BACFE2E2A04C1EF0058ED64 /* EggZone Watch App.app in Embed Watch Content */ = {isa = PBXBuildFile; fileRef = 9BACFE2D2A04C1EF0058ED64 /* EggZone Watch App.app */; settings = {ATTRIBUTES = (RemoveHeadersOnCopy, ); }; };
		9BACFE332A04C1EF0058ED64 /* EggZoneApp.swift in Sources */ = {isa = PBXBuildFile; fileRef = 9BACFE322A04C1EF0058ED64 /* EggZoneApp.swift */; };
		9BACFE352A04C1EF0058ED64 /* ContentView.swift in Sources */ = {isa = PBXBuildFile; fileRef = 9BACFE342A04C1EF0058ED64 /* ContentView.swift */; };
		9BACFE372A04C1F30058ED64 /* Assets.xcassets in Resources */ = {isa = PBXBuildFile; fileRef = 9BACFE362A04C1F30058ED64 /* Assets.xcassets */; };
		9BACFE3A2A04C1F30058ED64 /* Preview Assets.xcassets in Resources */ = {isa = PBXBuildFile; fileRef = 9BACFE392A04C1F30058ED64 /* Preview Assets.xcassets */; };
/* End PBXBuildFile section */

/* Begin PBXContainerItemProxy section */
		9BACFE2F2A04C1EF0058ED64 /* PBXContainerItemProxy */ = {
			isa = PBXContainerItemProxy;
			containerPortal = 9BACFE212A04C1EF0058ED64 /* Project object */;
			proxyType = 1;
			remoteGlobalIDString = 9BACFE2C2A04C1EF0058ED64;
			remoteInfo = "EggZone Watch App";
		};
/* End PBXContainerItemProxy section */

/* Begin PBXCopyFilesBuildPhase section */
		9BACFE402A04C1F30058ED64 /* Embed Watch Content */ = {
			isa = PBXCopyFilesBuildPhase;
			buildActionMask = 2147483647;
			dstPath = "$(CONTENTS_FOLDER_PATH)/Watch";
			dstSubfolderSpec = 16;
			files = (
				9BACFE2E2A04C1EF0058ED64 /* EggZone Watch App.app in Embed Watch Content */,
			);
			name = "Embed Watch Content";
			runOnlyForDeploymentPostprocessing = 0;
		};
/* End PBXCopyFilesBuildPhase section */

/* Begin PBXFileReference section */
		9BACFE272A04C1EF0058ED64 /* EggZone.app */ = {isa = PBXFileReference; explicitFileType = wrapper.application; includeInIndex = 0; path = EggZone.app; sourceTree = BUILT_PRODUCTS_DIR; };
		9BACFE2D2A04C1EF0058ED64 /* EggZone Watch App.app */ = {isa = PBXFileReference; explicitFileType = wrapper.application; includeInIndex = 0; path = "EggZone Watch App.app"; sourceTree = BUILT_PRODUCTS_DIR; };
		9BACFE322A04C1EF0058ED64 /* EggZoneApp.swift */ = {isa = PBXFileReference; lastKnownFileType = sourcecode.swift; path = EggZoneApp.swift; sourceTree = "<group>"; };
		9BACFE342A04C1EF0058ED64 /* ContentView.swift */ = {isa = PBXFileReference; lastKnownFileType = sourcecode.swift; path = ContentView.swift; sourceTree = "<group>"; };
		9BACFE362A04C1F30058ED64 /* Assets.xcassets */ = {isa = PBXFileReference; lastKnownFileType = folder.assetcatalog; path = Assets.xcassets; sourceTree = "<group>"; };
		9BACFE392A04C1F30058ED64 /* Preview Assets.xcassets */ = {isa = PBXFileReference; lastKnownFileType = folder.assetcatalog; path = "Preview Assets.xcassets"; sourceTree = "<group>"; };
/* End PBXFileReference section */

/* Begin PBXFrameworksBuildPhase section */
		9BACFE2A2A04C1EF0058ED64 /* Frameworks */ = {
			isa = PBXFrameworksBuildPhase;
			buildActionMask = 2147483647;
			files = (
			);
			runOnlyForDeploymentPostprocessing = 0;
		};
/* End PBXFrameworksBuildPhase section */

/* Begin PBXGroup section */
		9BACFE202A04C1EF0058ED64 = {
			isa = PBXGroup;
			children = (
				9BACFE312A04C1EF0058ED64 /* EggZone Watch App */,
				9BACFE282A04C1EF0058ED64 /* Products */,
			);
			sourceTree = "<group>";
		};
		9BACFE282A04C1EF0058ED64 /* Products */ = {
			isa = PBXGroup;
			children = (
				9BACFE272A04C1EF0058ED64 /* EggZone.app */,
				9BACFE2D2A04C1EF0058ED64 /* EggZone Watch App.app */,
			);
			name = Products;
			sourceTree = "<group>";
		};
		9BACFE312A04C1EF0058ED64 /* EggZone Watch App */ = {
			isa = PBXGroup;
			children = (
				9BACFE322A04C1EF0058ED64 /* EggZoneApp.swift */,
				9BACFE342A04C1EF0058ED64 /* ContentView.swift */,
				9BACFE362A04C1F30058ED64 /* Assets.xcassets */,
				9BACFE382A04C1F30058ED64 /* Preview Content */,
			);
			path = "EggZone Watch App";
			sourceTree = "<group>";
		};
		9BACFE382A04C1F30058ED64 /* Preview Content */ = {
			isa = PBXGroup;
			children = (
				9BACFE392A04C1F30058ED64 /* Preview Assets.xcassets */,
			);
			path = "Preview Content";
			sourceTree = "<group>";
		};
/* End PBXGroup section */

/* Begin PBXNativeTarget section */
		9BACFE262A04C1EF0058ED64 /* EggZone */ = {
			isa = PBXNativeTarget;
			buildConfigurationList = 9BACFE412A04C1F30058ED64 /* Build configuration list for PBXNativeTarget "EggZone" */;
			buildPhases = (
				9BACFE252A04C1EF0058ED64 /* Resources */,
				9BACFE402A04C1F30058ED64 /* Embed Watch Content */,
			);
			buildRules = (
			);
			dependencies = (
				9BACFE302A04C1EF0058ED64 /* PBXTargetDependency */,
			);
			name = EggZone;
			productName = EggZone;
			productReference = 9BACFE272A04C1EF0058ED64 /* EggZone.app */;
			productType = "com.apple.product-type.application.watchapp2-container";
		};
		9BACFE2C2A04C1EF0058ED64 /* EggZone Watch App */ = {
			isa = PBXNativeTarget;
			buildConfigurationList = 9BACFE3D2A04C1F30058ED64 /* Build configuration list for PBXNativeTarget "EggZone Watch App" */;
			buildPhases = (
				9BACFE292A04C1EF0058ED64 /* Sources */,
				9BACFE2A2A04C1EF0058ED64 /* Frameworks */,
				9BACFE2B2A04C1EF0058ED64 /* Resources */,
			);
			buildRules = (
			);
			dependencies = (
			);
			name = "EggZone Watch App";
			productName = "EggZone Watch App";
			productReference = 9BACFE2D2A04C1EF0058ED64 /* EggZone Watch App.app */;
			productType = "com.apple.product-type.application";
		};
/* End PBXNativeTarget section */

/* Begin PBXProject section */
		9BACFE212A04C1EF0058ED64 /* Project object */ = {
			isa = PBXProject;
			attributes = {
				BuildIndependentTargetsInParallel = 1;
				LastSwiftUpdateCheck = 1430;
				LastUpgradeCheck = 1430;
				TargetAttributes = {
					9BACFE262A04C1EF0058ED64 = {
						CreatedOnToolsVersion = 14.3;
					};
					9BACFE2C2A04C1EF0058ED64 = {
						CreatedOnToolsVersion = 14.3;
					};
				};
			};
			buildConfigurationList = 9BACFE242A04C1EF0058ED64 /* Build configuration list for PBXProject "EggZone" */;
			compatibilityVersion = "Xcode 14.0";
			developmentRegion = en;
			hasScannedForEncodings = 0;
			knownRegions = (
				en,
				Base,
			);
			mainGroup = 9BACFE202A04C1EF0058ED64;
			productRefGroup = 9BACFE282A04C1EF0058ED64 /* Products */;
			projectDirPath = "";
			projectRoot = "";
			targets = (
				9BACFE262A04C1EF0058ED64 /* EggZone */,
				9BACFE2C2A04C1EF0058ED64 /* EggZone Watch App */,
			);
		};
/* End PBXProject section */

/* Begin PBXResourcesBuildPhase section */
		9BACFE252A04C1EF0058ED64 /* Resources */ = {
			isa = PBXResourcesBuildPhase;
			buildActionMask = 2147483647;
			files = (
			);
			runOnlyForDeploymentPostprocessing = 0;
		};
		9BACFE2B2A04C1EF0058ED64 /* Resources */ = {
			isa = PBXResourcesBuildPhase;
			buildActionMask = 2147483647;
			files = (
				9BACFE3A2A04C1F30058ED64 /* Preview Assets.xcassets in Resources */,
				9BACFE372A04C1F30058ED64 /* Assets.xcassets in Resources */,
			);
			runOnlyForDeploymentPostprocessing = 0;
		};
/* End PBXResourcesBuildPhase section */

/* Begin PBXSourcesBuildPhase section */
		9BACFE292A04C1EF0058ED64 /* Sources */ = {
			isa = PBXSourcesBuildPhase;
			buildActionMask = 2147483647;
			files = (
				9BACFE352A04C1EF0058ED64 /* ContentView.swift in Sources */,
				9BACFE332A04C1EF0058ED64 /* EggZoneApp.swift in Sources */,
			);
			runOnlyForDeploymentPostprocessing = 0;
		};
/* End PBXSourcesBuildPhase section */

/* Begin PBXTargetDependency section */
		9BACFE302A04C1EF0058ED64 /* PBXTargetDependency */ = {
			isa = PBXTargetDependency;
			target = 9BACFE2C2A04C1EF0058ED64 /* EggZone Watch App */;
			targetProxy = 9BACFE2F2A04C1EF0058ED64 /* PBXContainerItemProxy */;
		};
/* End PBXTargetDependency section */

/* Begin XCBuildConfiguration section */
		9BACFE3B2A04C1F30058ED64 /* Debug */ = {
			isa = XCBuildConfiguration;
			buildSettings = {
				ALWAYS_SEARCH_USER_PATHS = NO;
				CLANG_ANALYZER_NONNULL = YES;
				CLANG_ANALYZER_NUMBER_OBJECT_CONVERSION = YES_AGGRESSIVE;
				CLANG_CXX_LANGUAGE_STANDARD = "gnu++20";
				CLANG_ENABLE_MODULES = YES;
				CLANG_ENABLE_OBJC_ARC = YES;
				CLANG_ENABLE_OBJC_WEAK = YES;
				CLANG_WARN_BLOCK_CAPTURE_AUTORELEASING = YES;
				CLANG_WARN_BOOL_CONVERSION = YES;
				CLANG_WARN_COMMA = YES;
				CLANG_WARN_CONSTANT_CONVERSION = YES;
				CLANG_WARN_DEPRECATED_OBJC_IMPLEMENTATIONS = YES;
				CLANG_WARN_DIRECT_OBJC_ISA_USAGE = YES_ERROR;
				CLANG_WARN_DOCUMENTATION_COMMENTS = YES;
				CLANG_WARN_EMPTY_BODY = YES;
				CLANG_WARN_ENUM_CONVERSION = YES;
				CLANG_WARN_INFINITE_RECURSION = YES;
				CLANG_WARN_INT_CONVERSION = YES;
				CLANG_WARN_NON_LITERAL_NULL_CONVERSION = YES;
				CLANG_WARN_OBJC_IMPLICIT_RETAIN_SELF = YES;
				CLANG_WARN_OBJC_LITERAL_CONVERSION = YES;
				CLANG_WARN_OBJC_ROOT_CLASS = YES_ERROR;
				CLANG_WARN_QUOTED_INCLUDE_IN_FRAMEWORK_HEADER = YES;
				CLANG_WARN_RANGE_LOOP_ANALYSIS = YES;
				CLANG_WARN_STRICT_PROTOTYPES = YES;
				CLANG_WARN_SUSPICIOUS_MOVE = YES;
				CLANG_WARN_UNGUARDED_AVAILABILITY = YES_AGGRESSIVE;
				CLANG_WARN_UNREACHABLE_CODE = YES;
				CLANG_WARN__DUPLICATE_METHOD_MATCH = YES;
				COPY_PHASE_STRIP = NO;
				DEBUG_INFORMATION_FORMAT = dwarf;
				ENABLE_STRICT_OBJC_MSGSEND = YES;
				ENABLE_TESTABILITY = YES;
				GCC_C_LANGUAGE_STANDARD = gnu11;
				GCC_DYNAMIC_NO_PIC = NO;
				GCC_NO_COMMON_BLOCKS = YES;
				GCC_OPTIMIZATION_LEVEL = 0;
				GCC_PREPROCESSOR_DEFINITIONS = (
					"DEBUG=1",
					"$(inherited)",
				);
				GCC_WARN_64_TO_32_BIT_CONVERSION = YES;
				GCC_WARN_ABOUT_RETURN_TYPE = YES_ERROR;
				GCC_WARN_UNDECLARED_SELECTOR = YES;
				GCC_WARN_UNINITIALIZED_AUTOS = YES_AGGRESSIVE;
				GCC_WARN_UNUSED_FUNCTION = YES;
				GCC_WARN_UNUSED_VARIABLE = YES;
				MTL_ENABLE_DEBUG_INFO = INCLUDE_SOURCE;
				MTL_FAST_MATH = YES;
				ONLY_ACTIVE_ARCH = YES;
				SWIFT_ACTIVE_COMPILATION_CONDITIONS = DEBUG;
				SWIFT_OPTIMIZATION_LEVEL = "-Onone";
			};
			name = Debug;
		};
		9BACFE3C2A04C1F30058ED64 /* Release */ = {
			isa = XCBuildConfiguration;
			buildSettings = {
				ALWAYS_SEARCH_USER_PATHS = NO;
				CLANG_ANALYZER_NONNULL = YES;
				CLANG_ANALYZER_NUMBER_OBJECT_CONVERSION = YES_AGGRESSIVE;
				CLANG_CXX_LANGUAGE_STANDARD = "gnu++20";
				CLANG_ENABLE_MODULES = YES;
				CLANG_ENABLE_OBJC_ARC = YES;
				CLANG_ENABLE_OBJC_WEAK = YES;
				CLANG_WARN_BLOCK_CAPTURE_AUTORELEASING = YES;
				CLANG_WARN_BOOL_CONVERSION = YES;
				CLANG_WARN_COMMA = YES;
				CLANG_WARN_CONSTANT_CONVERSION = YES;
				CLANG_WARN_DEPRECATED_OBJC_IMPLEMENTATIONS = YES;
				CLANG_WARN_DIRECT_OBJC_ISA_USAGE = YES_ERROR;
				CLANG_WARN_DOCUMENTATION_COMMENTS = YES;
				CLANG_WARN_EMPTY_BODY = YES;
				CLANG_WARN_ENUM_CONVERSION = YES;
				CLANG_WARN_INFINITE_RECURSION = YES;
				CLANG_WARN_INT_CONVERSION = YES;
				CLANG_WARN_NON_LITERAL_NULL_CONVERSION = YES;
				CLANG_WARN_OBJC_IMPLICIT_RETAIN_SELF = YES;
				CLANG_WARN_OBJC_LITERAL_CONVERSION = YES;
				CLANG_WARN_OBJC_ROOT_CLASS = YES_ERROR;
				CLANG_WARN_QUOTED_INCLUDE_IN_FRAMEWORK_HEADER = YES;
				CLANG_WARN_RANGE_LOOP_ANALYSIS = YES;
				CLANG_WARN_STRICT_PROTOTYPES = YES;
				CLANG_WARN_SUSPICIOUS_MOVE = YES;
				CLANG_WARN_UNGUARDED_AVAILABILITY = YES_AGGRESSIVE;
				CLANG_WARN_UNREACHABLE_CODE = YES;
				CLANG_WARN__DUPLICATE_METHOD_MATCH = YES;
				COPY_PHASE_STRIP = NO;
				DEBUG_INFORMATION_FORMAT = "dwarf-with-dsym";
				ENABLE_NS_ASSERTIONS = NO;
				ENABLE_STRICT_OBJC_MSGSEND = YES;
				GCC_C_LANGUAGE_STANDARD = gnu11;
				GCC_NO_COMMON_BLOCKS = YES;
				GCC_WARN_64_TO_32_BIT_CONVERSION = YES;
				GCC_WARN_ABOUT_RETURN_TYPE = YES_ERROR;
				GCC_WARN_UNDECLARED_SELECTOR = YES;
				GCC_WARN_UNINITIALIZED_AUTOS = YES_AGGRESSIVE;
				GCC_WARN_UNUSED_FUNCTION = YES;
				GCC_WARN_UNUSED_VARIABLE = YES;
				MTL_ENABLE_DEBUG_INFO = NO;
				MTL_FAST_MATH = YES;
				SWIFT_COMPILATION_MODE = wholemodule;
				SWIFT_OPTIMIZATION_LEVEL = "-O";
			};
			name = Release;
		};
		9BACFE3E2A04C1F30058ED64 /* Debug */ = {
			isa = XCBuildConfiguration;
			buildSettings = {
				ASSETCATALOG_COMPILER_APPICON_NAME = AppIcon;
				ASSETCATALOG_COMPILER_GLOBAL_ACCENT_COLOR_NAME = AccentColor;
				CODE_SIGN_STYLE = Automatic;
				CURRENT_PROJECT_VERSION = 1;
				DEVELOPMENT_ASSET_PATHS = "\"EggZone Watch App/Preview Content\"";
				DEVELOPMENT_TEAM = K6GP5ZW9HT;
				ENABLE_PREVIEWS = YES;
				GENERATE_INFOPLIST_FILE = YES;
				INFOPLIST_KEY_CFBundleDisplayName = EggZone;
				INFOPLIST_KEY_UISupportedInterfaceOrientations = "UIInterfaceOrientationPortrait UIInterfaceOrientationPortraitUpsideDown";
				INFOPLIST_KEY_WKWatchOnly = YES;
				LD_RUNPATH_SEARCH_PATHS = (
					"$(inherited)",
					"@executable_path/Frameworks",
				);
				MARKETING_VERSION = 1.0;
				PRODUCT_BUNDLE_IDENTIFIER = com.hannagan.EggZone.watchkitapp;
				PRODUCT_NAME = "$(TARGET_NAME)";
				SDKROOT = watchos;
				SKIP_INSTALL = YES;
				SWIFT_EMIT_LOC_STRINGS = YES;
				SWIFT_VERSION = 5.0;
				TARGETED_DEVICE_FAMILY = 4;
				WATCHOS_DEPLOYMENT_TARGET = 9.4;
			};
			name = Debug;
		};
		9BACFE3F2A04C1F30058ED64 /* Release */ = {
			isa = XCBuildConfiguration;
			buildSettings = {
				ASSETCATALOG_COMPILER_APPICON_NAME = AppIcon;
				ASSETCATALOG_COMPILER_GLOBAL_ACCENT_COLOR_NAME = AccentColor;
				CODE_SIGN_STYLE = Automatic;
				CURRENT_PROJECT_VERSION = 1;
				DEVELOPMENT_ASSET_PATHS = "\"EggZone Watch App/Preview Content\"";
				DEVELOPMENT_TEAM = K6GP5ZW9HT;
				ENABLE_PREVIEWS = YES;
				GENERATE_INFOPLIST_FILE = YES;
				INFOPLIST_KEY_CFBundleDisplayName = EggZone;
				INFOPLIST_KEY_UISupportedInterfaceOrientations = "UIInterfaceOrientationPortrait UIInterfaceOrientationPortraitUpsideDown";
				INFOPLIST_KEY_WKWatchOnly = YES;
				LD_RUNPATH_SEARCH_PATHS = (
					"$(inherited)",
					"@executable_path/Frameworks",
				);
				MARKETING_VERSION = 1.0;
				PRODUCT_BUNDLE_IDENTIFIER = com.hannagan.EggZone.watchkitapp;
				PRODUCT_NAME = "$(TARGET_NAME)";
				SDKROOT = watchos;
				SKIP_INSTALL = YES;
				SWIFT_EMIT_LOC_STRINGS = YES;
				SWIFT_VERSION = 5.0;
				TARGETED_DEVICE_FAMILY = 4;
				VALIDATE_PRODUCT = YES;
				WATCHOS_DEPLOYMENT_TARGET = 9.4;
			};
			name = Release;
		};
		9BACFE422A04C1F30058ED64 /* Debug */ = {
			isa = XCBuildConfiguration;
			buildSettings = {
				ALWAYS_EMBED_SWIFT_STANDARD_LIBRARIES = YES;
				CODE_SIGN_STYLE = Automatic;
				CURRENT_PROJECT_VERSION = 1;
				DEVELOPMENT_TEAM = K6GP5ZW9HT;
				INFOPLIST_KEY_CFBundleDisplayName = EggZone;
				MARKETING_VERSION = 1.0;
				PRODUCT_BUNDLE_IDENTIFIER = com.hannagan.EggZone;
				PRODUCT_NAME = "$(TARGET_NAME)";
				SDKROOT = iphoneos;
				SWIFT_VERSION = 5.0;
			};
			name = Debug;
		};
		9BACFE432A04C1F30058ED64 /* Release */ = {
			isa = XCBuildConfiguration;
			buildSettings = {
				ALWAYS_EMBED_SWIFT_STANDARD_LIBRARIES = YES;
				CODE_SIGN_STYLE = Automatic;
				CURRENT_PROJECT_VERSION = 1;
				DEVELOPMENT_TEAM = K6GP5ZW9HT;
				INFOPLIST_KEY_CFBundleDisplayName = EggZone;
				MARKETING_VERSION = 1.0;
				PRODUCT_BUNDLE_IDENTIFIER = com.hannagan.EggZone;
				PRODUCT_NAME = "$(TARGET_NAME)";
				SDKROOT = iphoneos;
				SWIFT_VERSION = 5.0;
				VALIDATE_PRODUCT = YES;
			};
			name = Release;
		};
/* End XCBuildConfiguration section */

/* Begin XCConfigurationList section */
		9BACFE242A04C1EF0058ED64 /* Build configuration list for PBXProject "EggZone" */ = {
			isa = XCConfigurationList;
			buildConfigurations = (
				9BACFE3B2A04C1F30058ED64 /* Debug */,
				9BACFE3C2A04C1F30058ED64 /* Release */,
			);
			defaultConfigurationIsVisible = 0;
			defaultConfigurationName = Release;
		};
		9BACFE3D2A04C1F30058ED64 /* Build configuration list for PBXNativeTarget "EggZone Watch App" */ = {
			isa = XCConfigurationList;
			buildConfigurations = (
				9BACFE3E2A04C1F30058ED64 /* Debug */,
				9BACFE3F2A04C1F30058ED64 /* Release */,
			);
			defaultConfigurationIsVisible = 0;
			defaultConfigurationName = Release;
		};
		9BACFE412A04C1F30058ED64 /* Build configuration list for PBXNativeTarget "EggZone" */ = {
			isa = XCConfigurationList;
			buildConfigurations = (
				9BACFE422A04C1F30058ED64 /* Debug */,
				9BACFE432A04C1F30058ED64 /* Release */,
			);
			defaultConfigurationIsVisible = 0;
			defaultConfigurationName = Release;
		};
/* End XCConfigurationList section */
	};
	rootObject = 9BACFE212A04C1EF0058ED64 /* Project object */;
}
